// !$*UTF8*$!
{
	archiveVersion = 1;
	classes = {
	};
	objectVersion = 46;
	objects = {

/* Begin PBXBuildFile section */
		5E78E7BE1B944108009AA1E3 /* AppDelegate.swift in Sources */ = {isa = PBXBuildFile; fileRef = 5E78E7BD1B944108009AA1E3 /* AppDelegate.swift */; };
		5E78E7C01B944108009AA1E3 /* ViewController.swift in Sources */ = {isa = PBXBuildFile; fileRef = 5E78E7BF1B944108009AA1E3 /* ViewController.swift */; };
		5E78E7C31B944108009AA1E3 /* Main.storyboard in Resources */ = {isa = PBXBuildFile; fileRef = 5E78E7C11B944108009AA1E3 /* Main.storyboard */; };
		5E78E7C51B944108009AA1E3 /* Images.xcassets in Resources */ = {isa = PBXBuildFile; fileRef = 5E78E7C41B944108009AA1E3 /* Images.xcassets */; };
		5E78E7C81B944108009AA1E3 /* LaunchScreen.xib in Resources */ = {isa = PBXBuildFile; fileRef = 5E78E7C61B944108009AA1E3 /* LaunchScreen.xib */; };
		5E78E7D41B944108009AA1E3 /* QuickGettingStartedTests.swift in Sources */ = {isa = PBXBuildFile; fileRef = 5E78E7D31B944108009AA1E3 /* QuickGettingStartedTests.swift */; };
/* End PBXBuildFile section */

/* Begin PBXContainerItemProxy section */
		5E78E7CE1B944108009AA1E3 /* PBXContainerItemProxy */ = {
			isa = PBXContainerItemProxy;
			containerPortal = 5E78E7B01B944108009AA1E3 /* Project object */;
			proxyType = 1;
			remoteGlobalIDString = 5E78E7B71B944108009AA1E3;
			remoteInfo = QuickGettingStarted;
		};
/* End PBXContainerItemProxy section */

/* Begin PBXFileReference section */
		5E78E7B81B944108009AA1E3 /* QuickGettingStarted.app */ = {isa = PBXFileReference; explicitFileType = wrapper.application; includeInIndex = 0; path = QuickGettingStarted.app; sourceTree = BUILT_PRODUCTS_DIR; };
		5E78E7BC1B944108009AA1E3 /* Info.plist */ = {isa = PBXFileReference; lastKnownFileType = text.plist.xml; path = Info.plist; sourceTree = "<group>"; };
		5E78E7BD1B944108009AA1E3 /* AppDelegate.swift */ = {isa = PBXFileReference; lastKnownFileType = sourcecode.swift; path = AppDelegate.swift; sourceTree = "<group>"; };
		5E78E7BF1B944108009AA1E3 /* ViewController.swift */ = {isa = PBXFileReference; lastKnownFileType = sourcecode.swift; path = ViewController.swift; sourceTree = "<group>"; };
		5E78E7C21B944108009AA1E3 /* Base */ = {isa = PBXFileReference; lastKnownFileType = file.storyboard; name = Base; path = Base.lproj/Main.storyboard; sourceTree = "<group>"; };
		5E78E7C41B944108009AA1E3 /* Images.xcassets */ = {isa = PBXFileReference; lastKnownFileType = folder.assetcatalog; path = Images.xcassets; sourceTree = "<group>"; };
		5E78E7C71B944108009AA1E3 /* Base */ = {isa = PBXFileReference; lastKnownFileType = file.xib; name = Base; path = Base.lproj/LaunchScreen.xib; sourceTree = "<group>"; };
		5E78E7CD1B944108009AA1E3 /* QuickGettingStartedTests.xctest */ = {isa = PBXFileReference; explicitFileType = wrapper.cfbundle; includeInIndex = 0; path = QuickGettingStartedTests.xctest; sourceTree = BUILT_PRODUCTS_DIR; };
		5E78E7D21B944108009AA1E3 /* Info.plist */ = {isa = PBXFileReference; lastKnownFileType = text.plist.xml; path = Info.plist; sourceTree = "<group>"; };
		5E78E7D31B944108009AA1E3 /* QuickGettingStartedTests.swift */ = {isa = PBXFileReference; lastKnownFileType = sourcecode.swift; path = QuickGettingStartedTests.swift; sourceTree = "<group>"; };
/* End PBXFileReference section */

/* Begin PBXFrameworksBuildPhase section */
		5E78E7B51B944108009AA1E3 /* Frameworks */ = {
			isa = PBXFrameworksBuildPhase;
			buildActionMask = 2147483647;
			files = (
			);
			runOnlyForDeploymentPostprocessing = 0;
		};
		5E78E7CA1B944108009AA1E3 /* Frameworks */ = {
			isa = PBXFrameworksBuildPhase;
			buildActionMask = 2147483647;
			files = (
			);
			runOnlyForDeploymentPostprocessing = 0;
		};
/* End PBXFrameworksBuildPhase section */

/* Begin PBXGroup section */
		5E78E7AF1B944108009AA1E3 = {
			isa = PBXGroup;
			children = (
				5E78E7BA1B944108009AA1E3 /* QuickGettingStarted */,
				5E78E7D01B944108009AA1E3 /* QuickGettingStartedTests */,
				5E78E7B91B944108009AA1E3 /* Products */,
			);
			sourceTree = "<group>";
		};
		5E78E7B91B944108009AA1E3 /* Products */ = {
			isa = PBXGroup;
			children = (
				5E78E7B81B944108009AA1E3 /* QuickGettingStarted.app */,
				5E78E7CD1B944108009AA1E3 /* QuickGettingStartedTests.xctest */,
			);
			name = Products;
			sourceTree = "<group>";
		};
		5E78E7BA1B944108009AA1E3 /* QuickGettingStarted */ = {
			isa = PBXGroup;
			children = (
				5E78E7BD1B944108009AA1E3 /* AppDelegate.swift */,
				5E78E7BF1B944108009AA1E3 /* ViewController.swift */,
				5E78E7C11B944108009AA1E3 /* Main.storyboard */,
				5E78E7C41B944108009AA1E3 /* Images.xcassets */,
				5E78E7C61B944108009AA1E3 /* LaunchScreen.xib */,
				5E78E7BB1B944108009AA1E3 /* Supporting Files */,
			);
			path = QuickGettingStarted;
			sourceTree = "<group>";
		};
		5E78E7BB1B944108009AA1E3 /* Supporting Files */ = {
			isa = PBXGroup;
			children = (
				5E78E7BC1B944108009AA1E3 /* Info.plist */,
			);
			name = "Supporting Files";
			sourceTree = "<group>";
		};
		5E78E7D01B944108009AA1E3 /* QuickGettingStartedTests */ = {
			isa = PBXGroup;
			children = (
				5E78E7D31B944108009AA1E3 /* QuickGettingStartedTests.swift */,
				5E78E7D11B944108009AA1E3 /* Supporting Files */,
			);
			path = QuickGettingStartedTests;
			sourceTree = "<group>";
		};
		5E78E7D11B944108009AA1E3 /* Supporting Files */ = {
			isa = PBXGroup;
			children = (
				5E78E7D21B944108009AA1E3 /* Info.plist */,
			);
			name = "Supporting Files";
			sourceTree = "<group>";
		};
/* End PBXGroup section */

/* Begin PBXNativeTarget section */
		5E78E7B71B944108009AA1E3 /* QuickGettingStarted */ = {
			isa = PBXNativeTarget;
			buildConfigurationList = 5E78E7D71B944108009AA1E3 /* Build configuration list for PBXNativeTarget "QuickGettingStarted" */;
			buildPhases = (
				5E78E7B41B944108009AA1E3 /* Sources */,
				5E78E7B51B944108009AA1E3 /* Frameworks */,
				5E78E7B61B944108009AA1E3 /* Resources */,
			);
			buildRules = (
			);
			dependencies = (
			);
			name = QuickGettingStarted;
			productName = QuickGettingStarted;
			productReference = 5E78E7B81B944108009AA1E3 /* QuickGettingStarted.app */;
			productType = "com.apple.product-type.application";
		};
		5E78E7CC1B944108009AA1E3 /* QuickGettingStartedTests */ = {
			isa = PBXNativeTarget;
			buildConfigurationList = 5E78E7DA1B944108009AA1E3 /* Build configuration list for PBXNativeTarget "QuickGettingStartedTests" */;
			buildPhases = (
				5E78E7C91B944108009AA1E3 /* Sources */,
				5E78E7CA1B944108009AA1E3 /* Frameworks */,
				5E78E7CB1B944108009AA1E3 /* Resources */,
			);
			buildRules = (
			);
			dependencies = (
				5E78E7CF1B944108009AA1E3 /* PBXTargetDependency */,
			);
			name = QuickGettingStartedTests;
			productName = QuickGettingStartedTests;
			productReference = 5E78E7CD1B944108009AA1E3 /* QuickGettingStartedTests.xctest */;
			productType = "com.apple.product-type.bundle.unit-test";
		};
/* End PBXNativeTarget section */

/* Begin PBXProject section */
		5E78E7B01B944108009AA1E3 /* Project object */ = {
			isa = PBXProject;
			attributes = {
				LastUpgradeCheck = 0640;
				ORGANIZATIONNAME = ArataTanaka;
				TargetAttributes = {
					5E78E7B71B944108009AA1E3 = {
						CreatedOnToolsVersion = 6.4;
					};
					5E78E7CC1B944108009AA1E3 = {
						CreatedOnToolsVersion = 6.4;
						TestTargetID = 5E78E7B71B944108009AA1E3;
					};
				};
			};
			buildConfigurationList = 5E78E7B31B944108009AA1E3 /* Build configuration list for PBXProject "QuickGettingStarted" */;
			compatibilityVersion = "Xcode 3.2";
			developmentRegion = English;
			hasScannedForEncodings = 0;
			knownRegions = (
				en,
				Base,
			);
			mainGroup = 5E78E7AF1B944108009AA1E3;
			productRefGroup = 5E78E7B91B944108009AA1E3 /* Products */;
			projectDirPath = "";
			projectRoot = "";
			targets = (
				5E78E7B71B944108009AA1E3 /* QuickGettingStarted */,
				5E78E7CC1B944108009AA1E3 /* QuickGettingStartedTests */,
			);
		};
/* End PBXProject section */

/* Begin PBXResourcesBuildPhase section */
		5E78E7B61B944108009AA1E3 /* Resources */ = {
			isa = PBXResourcesBuildPhase;
			buildActionMask = 2147483647;
			files = (
				5E78E7C31B944108009AA1E3 /* Main.storyboard in Resources */,
				5E78E7C81B944108009AA1E3 /* LaunchScreen.xib in Resources */,
				5E78E7C51B944108009AA1E3 /* Images.xcassets in Resources */,
			);
			runOnlyForDeploymentPostprocessing = 0;
		};
		5E78E7CB1B944108009AA1E3 /* Resources */ = {
			isa = PBXResourcesBuildPhase;
			buildActionMask = 2147483647;
			files = (
			);
			runOnlyForDeploymentPostprocessing = 0;
		};
/* End PBXResourcesBuildPhase section */

/* Begin PBXSourcesBuildPhase section */
		5E78E7B41B944108009AA1E3 /* Sources */ = {
			isa = PBXSourcesBuildPhase;
			buildActionMask = 2147483647;
			files = (
				5E78E7C01B944108009AA1E3 /* ViewController.swift in Sources */,
				5E78E7BE1B944108009AA1E3 /* AppDelegate.swift in Sources */,
			);
			runOnlyForDeploymentPostprocessing = 0;
		};
		5E78E7C91B944108009AA1E3 /* Sources */ = {
			isa = PBXSourcesBuildPhase;
			buildActionMask = 2147483647;
			files = (
				5E78E7D41B944108009AA1E3 /* QuickGettingStartedTests.swift in Sources */,
			);
			runOnlyForDeploymentPostprocessing = 0;
		};
/* End PBXSourcesBuildPhase section */

/* Begin PBXTargetDependency section */
		5E78E7CF1B944108009AA1E3 /* PBXTargetDependency */ = {
			isa = PBXTargetDependency;
			target = 5E78E7B71B944108009AA1E3 /* QuickGettingStarted */;
			targetProxy = 5E78E7CE1B944108009AA1E3 /* PBXContainerItemProxy */;
		};
/* End PBXTargetDependency section */

/* Begin PBXVariantGroup section */
		5E78E7C11B944108009AA1E3 /* Main.storyboard */ = {
			isa = PBXVariantGroup;
			children = (
				5E78E7C21B944108009AA1E3 /* Base */,
			);
			name = Main.storyboard;
			sourceTree = "<group>";
		};
		5E78E7C61B944108009AA1E3 /* LaunchScreen.xib */ = {
			isa = PBXVariantGroup;
			children = (
				5E78E7C71B944108009AA1E3 /* Base */,
			);
			name = LaunchScreen.xib;
			sourceTree = "<group>";
		};
/* End PBXVariantGroup section */

/* Begin XCBuildConfiguration section */
		5E78E7D51B944108009AA1E3 /* Debug */ = {
			isa = XCBuildConfiguration;
			buildSettings = {
				ALWAYS_SEARCH_USER_PATHS = NO;
				CLANG_CXX_LANGUAGE_STANDARD = "gnu++0x";
				CLANG_CXX_LIBRARY = "libc++";
				CLANG_ENABLE_MODULES = YES;
				CLANG_ENABLE_OBJC_ARC = YES;
				CLANG_WARN_BOOL_CONVERSION = YES;
				CLANG_WARN_CONSTANT_CONVERSION = YES;
				CLANG_WARN_DIRECT_OBJC_ISA_USAGE = YES_ERROR;
				CLANG_WARN_EMPTY_BODY = YES;
				CLANG_WARN_ENUM_CONVERSION = YES;
				CLANG_WARN_INT_CONVERSION = YES;
				CLANG_WARN_OBJC_ROOT_CLASS = YES_ERROR;
				CLANG_WARN_UNREACHABLE_CODE = YES;
				CLANG_WARN__DUPLICATE_METHOD_MATCH = YES;
				"CODE_SIGN_IDENTITY[sdk=iphoneos*]" = "iPhone Developer";
				COPY_PHASE_STRIP = NO;
				DEBUG_INFORMATION_FORMAT = "dwarf-with-dsym";
				ENABLE_STRICT_OBJC_MSGSEND = YES;
				GCC_C_LANGUAGE_STANDARD = gnu99;
				GCC_DYNAMIC_NO_PIC = NO;
				GCC_NO_COMMON_BLOCKS = YES;
				GCC_OPTIMIZATION_LEVEL = 0;
				GCC_PREPROCESSOR_DEFINITIONS = (
					"DEBUG=1",
					"$(inherited)",
				);
				GCC_SYMBOLS_PRIVATE_EXTERN = NO;
				GCC_WARN_64_TO_32_BIT_CONVERSION = YES;
				GCC_WARN_ABOUT_RETURN_TYPE = YES_ERROR;
				GCC_WARN_UNDECLARED_SELECTOR = YES;
				GCC_WARN_UNINITIALIZED_AUTOS = YES_AGGRESSIVE;
				GCC_WARN_UNUSED_FUNCTION = YES;
				GCC_WARN_UNUSED_VARIABLE = YES;
				IPHONEOS_DEPLOYMENT_TARGET = 8.4;
				MTL_ENABLE_DEBUG_INFO = YES;
				ONLY_ACTIVE_ARCH = YES;
				SDKROOT = iphoneos;
				SWIFT_OPTIMIZATION_LEVEL = "-Onone";
			};
			name = Debug;
		};
		5E78E7D61B944108009AA1E3 /* Release */ = {
			isa = XCBuildConfiguration;
			buildSettings = {
				ALWAYS_SEARCH_USER_PATHS = NO;
				CLANG_CXX_LANGUAGE_STANDARD = "gnu++0x";
				CLANG_CXX_LIBRARY = "libc++";
				CLANG_ENABLE_MODULES = YES;
				CLANG_ENABLE_OBJC_ARC = YES;
				CLANG_WARN_BOOL_CONVERSION = YES;
				CLANG_WARN_CONSTANT_CONVERSION = YES;
				CLANG_WARN_DIRECT_OBJC_ISA_USAGE = YES_ERROR;
				CLANG_WARN_EMPTY_BODY = YES;
				CLANG_WARN_ENUM_CONVERSION = YES;
				CLANG_WARN_INT_CONVERSION = YES;
				CLANG_WARN_OBJC_ROOT_CLASS = YES_ERROR;
				CLANG_WARN_UNREACHABLE_CODE = YES;
				CLANG_WARN__DUPLICATE_METHOD_MATCH = YES;
				"CODE_SIGN_IDENTITY[sdk=iphoneos*]" = "iPhone Developer";
				COPY_PHASE_STRIP = NO;
				DEBUG_INFORMATION_FORMAT = "dwarf-with-dsym";
				ENABLE_NS_ASSERTIONS = NO;
				ENABLE_STRICT_OBJC_MSGSEND = YES;
				GCC_C_LANGUAGE_STANDARD = gnu99;
				GCC_NO_COMMON_BLOCKS = YES;
				GCC_WARN_64_TO_32_BIT_CONVERSION = YES;
				GCC_WARN_ABOUT_RETURN_TYPE = YES_ERROR;
				GCC_WARN_UNDECLARED_SELECTOR = YES;
				GCC_WARN_UNINITIALIZED_AUTOS = YES_AGGRESSIVE;
				GCC_WARN_UNUSED_FUNCTION = YES;
				GCC_WARN_UNUSED_VARIABLE = YES;
				IPHONEOS_DEPLOYMENT_TARGET = 8.4;
				MTL_ENABLE_DEBUG_INFO = NO;
				SDKROOT = iphoneos;
				VALIDATE_PRODUCT = YES;
			};
			name = Release;
		};
		5E78E7D81B944108009AA1E3 /* Debug */ = {
			isa = XCBuildConfiguration;
			buildSettings = {
				ASSETCATALOG_COMPILER_APPICON_NAME = AppIcon;
				INFOPLIST_FILE = QuickGettingStarted/Info.plist;
				LD_RUNPATH_SEARCH_PATHS = "$(inherited) @executable_path/Frameworks";
				PRODUCT_NAME = "$(TARGET_NAME)";
			};
			name = Debug;
		};
		5E78E7D91B944108009AA1E3 /* Release */ = {
			isa = XCBuildConfiguration;
			buildSettings = {
				ASSETCATALOG_COMPILER_APPICON_NAME = AppIcon;
				INFOPLIST_FILE = QuickGettingStarted/Info.plist;
				LD_RUNPATH_SEARCH_PATHS = "$(inherited) @executable_path/Frameworks";
				PRODUCT_NAME = "$(TARGET_NAME)";
			};
			name = Release;
		};
		5E78E7DB1B944108009AA1E3 /* Debug */ = {
			isa = XCBuildConfiguration;
			buildSettings = {
				BUNDLE_LOADER = "$(TEST_HOST)";
				FRAMEWORK_SEARCH_PATHS = (
					"$(SDKROOT)/Developer/Library/Frameworks",
					"$(inherited)",
				);
				GCC_PREPROCESSOR_DEFINITIONS = (
					"DEBUG=1",
					"$(inherited)",
				);
				INFOPLIST_FILE = QuickGettingStartedTests/Info.plist;
				LD_RUNPATH_SEARCH_PATHS = "$(inherited) @executable_path/Frameworks @loader_path/Frameworks";
				PRODUCT_NAME = "$(TARGET_NAME)";
				TEST_HOST = "$(BUILT_PRODUCTS_DIR)/QuickGettingStarted.app/QuickGettingStarted";
			};
			name = Debug;
		};
		5E78E7DC1B944108009AA1E3 /* Release */ = {
			isa = XCBuildConfiguration;
			buildSettings = {
				BUNDLE_LOADER = "$(TEST_HOST)";
				FRAMEWORK_SEARCH_PATHS = (
					"$(SDKROOT)/Developer/Library/Frameworks",
					"$(inherited)",
				);
				INFOPLIST_FILE = QuickGettingStartedTests/Info.plist;
				LD_RUNPATH_SEARCH_PATHS = "$(inherited) @executable_path/Frameworks @loader_path/Frameworks";
				PRODUCT_NAME = "$(TARGET_NAME)";
				TEST_HOST = "$(BUILT_PRODUCTS_DIR)/QuickGettingStarted.app/QuickGettingStarted";
			};
			name = Release;
		};
/* End XCBuildConfiguration section */

/* Begin XCConfigurationList section */
		5E78E7B31B944108009AA1E3 /* Build configuration list for PBXProject "QuickGettingStarted" */ = {
			isa = XCConfigurationList;
			buildConfigurations = (
				5E78E7D51B944108009AA1E3 /* Debug */,
				5E78E7D61B944108009AA1E3 /* Release */,
			);
			defaultConfigurationIsVisible = 0;
			defaultConfigurationName = Release;
		};
		5E78E7D71B944108009AA1E3 /* Build configuration list for PBXNativeTarget "QuickGettingStarted" */ = {
			isa = XCConfigurationList;
			buildConfigurations = (
				5E78E7D81B944108009AA1E3 /* Debug */,
				5E78E7D91B944108009AA1E3 /* Release */,
			);
			defaultConfigurationIsVisible = 0;
		};
		5E78E7DA1B944108009AA1E3 /* Build configuration list for PBXNativeTarget "QuickGettingStartedTests" */ = {
			isa = XCConfigurationList;
			buildConfigurations = (
				5E78E7DB1B944108009AA1E3 /* Debug */,
				5E78E7DC1B944108009AA1E3 /* Release */,
			);
			defaultConfigurationIsVisible = 0;
		};
/* End XCConfigurationList section */
	};
	rootObject = 5E78E7B01B944108009AA1E3 /* Project object */;
}
